
Microsoft Visual Studio Solution File, Format Version 12.00
# Visual Studio Version 17
VisualStudioVersion = 17.5.33530.505
MinimumVisualStudioVersion = 10.0.40219.1
Project("{FAE04EC0-301F-11D3-BF4B-00C04F79EFBC}") = "day18ExtensionMethod", "day18ExtensionMethod\day18ExtensionMethod.csproj", "{B2CD7026-2490-4EF2-9EA6-5D99C6949F3C}"
EndProject
Global
	GlobalSection(SolutionConfigurationPlatforms) = preSolution
		Debug|Any CPU = Debug|Any CPU
		Release|Any CPU = Release|Any CPU
	EndGlobalSection
	GlobalSection(ProjectConfigurationPlatforms) = postSolution
		{B2CD7026-2490-4EF2-9EA6-5D99C6949F3C}.Debug|Any CPU.ActiveCfg = Debug|Any CPU
		{B2CD7026-2490-4EF2-9EA6-5D99C6949F3C}.Debug|Any CPU.Build.0 = Debug|Any CPU
		{B2CD7026-2490-4EF2-9EA6-5D99C6949F3C}.Release|Any CPU.ActiveCfg = Release|Any CPU
		{B2CD7026-2490-4EF2-9EA6-5D99C6949F3C}.Release|Any CPU.Build.0 = Release|Any CPU
	EndGlobalSection
	GlobalSection(SolutionProperties) = preSolution
		HideSolutionNode = FALSE
	EndGlobalSection
	GlobalSection(ExtensibilityGlobals) = postSolution
		SolutionGuid = {FDDFE6D5-9CB4-4791-81D2-E7F30F1500FD}
	EndGlobalSection
EndGlobal
